lockfileVersion: 5.4

specifiers:
  '@types/node': 18.11.18
  '@ylide/sdk': link:../sdk
  '@ylide/smart-buffer': 0.0.11
  everscale-inpage-provider: 0.3.52
  everscale-standalone-client: 2.1.16
  nekoton-wasm: 1.0.16
  prettier: 2.7.1
  rimraf: 3.0.2
  ts-node: 10.8.2
  tslint: 6.1.3
  tslint-config-prettier: 1.18.0
  typescript: 4.9.4

dependencies:
  '@ylide/sdk': link:../sdk
  '@ylide/smart-buffer': 0.0.11
  everscale-inpage-provider: 0.3.52
  everscale-standalone-client: 2.1.16
  nekoton-wasm: 1.0.16

devDependencies:
  '@types/node': 18.11.18
  prettier: 2.7.1
  rimraf: 3.0.2
  ts-node: 10.8.2_awa2wsr5thmg3i7jqycphctjfq
  tslint: 6.1.3_typescript@4.9.4
  tslint-config-prettier: 1.18.0
  typescript: 4.9.4

packages:

  /@babel/code-frame/7.18.6:
    resolution: {integrity: sha512-TDCmlK5eOvH+eH7cdAFlNXeVJqWIQ7gW9tY1GJIpUtFb6CmjVyq2VM3u71bOyR8CRihcCgMUYoDNyLXao3+70Q==}
    engines: {node: '>=6.9.0'}
    dependencies:
      '@babel/highlight': 7.18.6
    dev: true

  /@babel/helper-validator-identifier/7.19.1:
    resolution: {integrity: sha512-awrNfaMtnHUr653GgGEs++LlAvW6w+DcPrOliSMXWCKo597CwL5Acf/wWdNkf/tfEQE3mjkeD1YOVZOUV/od1w==}
    engines: {node: '>=6.9.0'}
    dev: true

  /@babel/highlight/7.18.6:
    resolution: {integrity: sha512-u7stbOuYjaPezCuLj29hNW1v64M2Md2qupEKP1fHc7WdOA3DgLh37suiSrZYY7haUB7iBeQZ9P1uiRF359do3g==}
    engines: {node: '>=6.9.0'}
    dependencies:
      '@babel/helper-validator-identifier': 7.19.1
      chalk: 2.4.2
      js-tokens: 4.0.0
    dev: true

  /@broxus/await-semaphore/0.1.5:
    resolution: {integrity: sha512-g464HtHHKxk6r6bkZc+lET1PuSgcFxlLHVb7EAqfxTlx6DRcYkjPRIQQhRHB3BQ6zRpfMrYkppL0tBtRED+HNA==}
    dev: false

  /@cspotcode/source-map-support/0.8.1:
    resolution: {integrity: sha512-IchNf6dN4tHoMFIn/7OE8LWZ19Y6q/67Bmf6vnGREv8RSbBVb9LPJxEcnwrcwX6ixSvaiGoomAUvu4YSxXrVgw==}
    engines: {node: '>=12'}
    dependencies:
      '@jridgewell/trace-mapping': 0.3.9
    dev: true

  /@jridgewell/resolve-uri/3.1.0:
    resolution: {integrity: sha512-F2msla3tad+Mfht5cJq7LSXcdudKTWCVYUgw6pLFOOHSTtZlj6SWNYAp+AhuqLmWdBO2X5hPrLcu8cVP8fy28w==}
    engines: {node: '>=6.0.0'}
    dev: true

  /@jridgewell/sourcemap-codec/1.4.14:
    resolution: {integrity: sha512-XPSJHWmi394fuUuzDnGz1wiKqWfo1yXecHQMRf2l6hztTO+nPru658AyDngaBe7isIxEkRsPR3FZh+s7iVa4Uw==}
    dev: true

  /@jridgewell/trace-mapping/0.3.9:
    resolution: {integrity: sha512-3Belt6tdc8bPgAtbcmdtNJlirVoTmEb5e2gC94PnkwEW9jI6CAHUeoG85tjWP5WquqfavoMtMwiG4P926ZKKuQ==}
    dependencies:
      '@jridgewell/resolve-uri': 3.1.0
      '@jridgewell/sourcemap-codec': 1.4.14
    dev: true

  /@tsconfig/node10/1.0.9:
    resolution: {integrity: sha512-jNsYVVxU8v5g43Erja32laIDHXeoNvFEpX33OK4d6hljo3jDhCBDhx5dhCCTMWUojscpAagGiRkBKxpdl9fxqA==}
    dev: true

  /@tsconfig/node12/1.0.11:
    resolution: {integrity: sha512-cqefuRsh12pWyGsIoBKJA9luFu3mRxCA+ORZvA4ktLSzIuCUtWVxGIuXigEwO5/ywWFMZ2QEGKWvkZG1zDMTag==}
    dev: true

  /@tsconfig/node14/1.0.3:
    resolution: {integrity: sha512-ysT8mhdixWK6Hw3i1V2AeRqZ5WfXg1G43mqoYlM2nc6388Fq5jcXyr5mRsqViLx/GJYdoL0bfXD8nmF+Zn/Iow==}
    dev: true

  /@tsconfig/node16/1.0.3:
    resolution: {integrity: sha512-yOlFc+7UtL/89t2ZhjPvvB/DeAr3r+Dq58IgzsFkOAvVC6NMJXmCGjbptdXdR9qsX7pKcTL+s87FtYREi2dEEQ==}
    dev: true

  /@types/node/18.11.18:
    resolution: {integrity: sha512-DHQpWGjyQKSHj3ebjFI/wRKcqQcdR+MoFBygntYOZytCqNfkd2ZC4ARDJ2DQqhjH5p85Nnd3jhUJIXrszFX/JA==}
    dev: true

  /@ylide/smart-buffer/0.0.11:
    resolution: {integrity: sha512-5o7sCNGhkmxlZo/89Aw+RdspcskQtt6t8ADU3gSlylalCn7l9ZVAeeSyMEUwWObjiyWF2yjyAt51UyWHa0QjLQ==}
    dev: false

  /acorn-walk/8.2.0:
    resolution: {integrity: sha512-k+iyHEuPgSw6SbuDpGQM+06HQUa04DZ3o+F6CSzXMvvI5KMvnaEqXe+YVe555R9nn6GPt404fos4wcgpw12SDA==}
    engines: {node: '>=0.4.0'}
    dev: true

  /acorn/8.8.2:
    resolution: {integrity: sha512-xjIYgE8HBrkpd/sJqOGNspf8uHG+NOHGOw6a/Urj8taM2EXfdNAH2oFcPeIFfsv3+kz/mJrS5VuMqbNLjCa2vw==}
    engines: {node: '>=0.4.0'}
    hasBin: true
    dev: true

  /ansi-styles/3.2.1:
    resolution: {integrity: sha512-VT0ZI6kZRdTh8YyJw3SMbYm/u+NqfsAxEpWO0Pf9sq8/e94WxxOpPKx9FR1FlyCtOVDNOQ+8ntlqFxiRc+r5qA==}
    engines: {node: '>=4'}
    dependencies:
      color-convert: 1.9.3
    dev: true

  /arg/4.1.3:
    resolution: {integrity: sha512-58S9QDqG0Xx27YwPSt9fJxivjYl432YCwfDMfZ+71RAqUrZef7LrKQZ3LHLOwCS4FLNBplP533Zx895SeOCHvA==}
    dev: true

  /argparse/1.0.10:
    resolution: {integrity: sha512-o5Roy6tNG4SL/FOkCAN6RzjiakZS25RLYFrcMttJqbdd8BWrnA+fGz57iN5Pb06pvBGvl5gQ0B48dJlslXvoTg==}
    dependencies:
      sprintf-js: 1.0.3
    dev: true

  /balanced-match/1.0.2:
    resolution: {integrity: sha512-3oSeUO0TMV67hN1AmbXsK4yaqU7tjiHlbxRDZOpH0KW9+CeX4bRAaX0Anxt0tx2MrpRpWwQaPwIlISEJhYU5Pw==}
    dev: true

  /bignumber.js/9.1.1:
    resolution: {integrity: sha512-pHm4LsMJ6lzgNGVfZHjMoO8sdoRhOzOH4MLmY65Jg70bpxCKu5iOHNJyfF6OyvYw7t8Fpf35RuzUyqnQsj8Vig==}
    dev: false

  /brace-expansion/1.1.11:
    resolution: {integrity: sha512-iCuPHDFgrHX7H2vEI/5xpz07zSHB00TpugqhmYtVmMO6518mCuRMoOYFldEBl0g187ufozdaHgWKcYFb61qGiA==}
    dependencies:
      balanced-match: 1.0.2
      concat-map: 0.0.1
    dev: true

  /builtin-modules/1.1.1:
    resolution: {integrity: sha512-wxXCdllwGhI2kCC0MnvTGYTMvnVZTvqgypkiTI8Pa5tcz2i6VqsqwYGgqwXji+4RgCzms6EajE4IxiUH6HH8nQ==}
    engines: {node: '>=0.10.0'}
    dev: true

  /chalk/2.4.2:
    resolution: {integrity: sha512-Mti+f9lpJNcwF4tWV8/OrTTtF1gZi+f8FqlyAdouralcFWFQWF2+NgCHShjkCb+IFBLq9buZwE1xckQU4peSuQ==}
    engines: {node: '>=4'}
    dependencies:
      ansi-styles: 3.2.1
      escape-string-regexp: 1.0.5
      supports-color: 5.5.0
    dev: true

  /color-convert/1.9.3:
    resolution: {integrity: sha512-QfAUtd+vFdAtFQcC8CCyYt1fYWxSqAiK2cSD6zDB8N3cpsEBAvRxp9zOGg6G/SHHJYAT88/az/IuDGALsNVbGg==}
    dependencies:
      color-name: 1.1.3
    dev: true

  /color-name/1.1.3:
    resolution: {integrity: sha512-72fSenhMw2HZMTVHeCA9KCmpEIbzWiQsjN+BHcBbS9vr1mtt+vJjPdksIBNUmKAW8TFUDPJK5SUU3QhE9NEXDw==}
    dev: true

  /commander/2.20.3:
    resolution: {integrity: sha512-GpVkmM8vF2vQUkj2LvZmD35JxeJOLCwJ9cUkugyk2nuhbv3+mJvpLYYt+0+USMxE+oj+ey/lJEnhZw75x/OMcQ==}
    dev: true

  /concat-map/0.0.1:
    resolution: {integrity: sha512-/Srv4dswyQNBfohGpz9o6Yb3Gz3SrUDqBH5rTuhGR7ahtlbYKnVxw2bCFMRljaA7EXHaXZ8wsHdodFvbkhKmqg==}
    dev: true

  /create-require/1.1.1:
    resolution: {integrity: sha512-dcKFX3jn0MpIaXjisoRvexIJVEKzaq7z2rZKxf+MSr9TkdmHmsU4m2lcLojrj/FHl8mk5VxMmYA+ftRkP/3oKQ==}
    dev: true

  /diff/4.0.2:
    resolution: {integrity: sha512-58lmxKSA4BNyLz+HHMUzlOEpg09FV+ev6ZMe3vJihgdxzgcwZ8VoEEPmALCZG9LmqfVoNMMKpttIYTVG6uDY7A==}
    engines: {node: '>=0.3.1'}
    dev: true

  /escape-string-regexp/1.0.5:
    resolution: {integrity: sha512-vbRorB5FUQWvla16U8R/qgaFIya2qGzwDrNmCZuYKrbdSUMG6I1ZCGQRefkRVhuOkIGVne7BQ35DSfo1qvJqFg==}
    engines: {node: '>=0.8.0'}
    dev: true

  /esprima/4.0.1:
    resolution: {integrity: sha512-eGuFFw7Upda+g4p+QHvnW0RyTX/SVeJBDM/gCtMARO0cLuT2HcEKnTPvhjV6aGeqrCB/sbNop0Kszm0jsaWU4A==}
    engines: {node: '>=4'}
    hasBin: true
    dev: true

  /events/3.3.0:
    resolution: {integrity: sha512-mQw+2fkQbALzQ7V0MY0IqdnXNOeTtP4r0lN9z7AAawCXgqea7bDii20AYrIBrFd/Hx0M2Ocz6S111CaFkUcb0Q==}
    engines: {node: '>=0.8.x'}
    dev: false

  /everscale-inpage-provider/0.3.52:
    resolution: {integrity: sha512-IDl2dhRyDkFqi7Mbn4GukWiUUv+22ZdlYh2UI8YOP7+BxoBxwkEMQfyGcUyoPLoca4PFcb/+nufT/KFw5gOEFA==}
    dev: false

  /everscale-standalone-client/2.1.16:
    resolution: {integrity: sha512-PQ6ooSfagxbU9Nc5VBCIYY7QUSfyc/35lT1m+uDn8vsEwbXvX2LRX5O/2Z5QMIcn3pml5AfQN7412Ufh2bDcoA==}
    dependencies:
      '@broxus/await-semaphore': 0.1.5
      bignumber.js: 9.1.1
      events: 3.3.0
      everscale-inpage-provider: 0.3.52
      fast-safe-stringify: 2.1.1
      nekoton-wasm: 1.0.16
      node-fetch: 2.6.9
    transitivePeerDependencies:
      - encoding
    dev: false

  /fast-safe-stringify/2.1.1:
    resolution: {integrity: sha512-W+KJc2dmILlPplD/H4K9l9LcAHAfPtP6BY84uVLXQ6Evcz9Lcg33Y2z1IVblT6xdY54PXYVHEv+0Wpq8Io6zkA==}
    dev: false

  /fs.realpath/1.0.0:
    resolution: {integrity: sha512-OO0pH2lK6a0hZnAdau5ItzHPI6pUlvI7jMVnxUQRtw4owF2wk8lOSabtGDCTP4Ggrg2MbGnWO9X8K1t4+fGMDw==}
    dev: true

  /function-bind/1.1.1:
    resolution: {integrity: sha512-yIovAzMX49sF8Yl58fSCWJ5svSLuaibPxXQJFLmBObTuCr0Mf1KiPopGM9NiFjiYBCbfaa2Fh6breQ6ANVTI0A==}
    dev: true

  /glob/7.2.3:
    resolution: {integrity: sha512-nFR0zLpU2YCaRxwoCJvL6UvCH2JFyFVIvwTLsIf21AuHlMskA1hhTdk+LlYJtOlYt9v6dvszD2BGRqBL+iQK9Q==}
    dependencies:
      fs.realpath: 1.0.0
      inflight: 1.0.6
      inherits: 2.0.4
      minimatch: 3.1.2
      once: 1.4.0
      path-is-absolute: 1.0.1
    dev: true

  /has-flag/3.0.0:
    resolution: {integrity: sha512-sKJf1+ceQBr4SMkvQnBDNDtf4TXpVhVGateu0t918bl30FnbE2m4vNLX+VWe/dpjlb+HugGYzW7uQXH98HPEYw==}
    engines: {node: '>=4'}
    dev: true

  /has/1.0.3:
    resolution: {integrity: sha512-f2dvO0VU6Oej7RkWJGrehjbzMAjFp5/VKPp5tTpWIV4JHHZK1/BxbFRtf/siA2SWTe09caDmVtYYzWEIbBS4zw==}
    engines: {node: '>= 0.4.0'}
    dependencies:
      function-bind: 1.1.1
    dev: true

  /inflight/1.0.6:
    resolution: {integrity: sha512-k92I/b08q4wvFscXCLvqfsHCrjrF7yiXsQuIVvVE7N82W3+aqpzuUdBbfhWcy/FZR3/4IgflMgKLOsvPDrGCJA==}
    dependencies:
      once: 1.4.0
      wrappy: 1.0.2
    dev: true

  /inherits/2.0.4:
    resolution: {integrity: sha512-k/vGaX4/Yla3WzyMCvTQOXYeIHvqOKtnqBduzTHpzpQZzAskKMhZ2K+EnBiSM9zGSoIFeMpXKxa4dYeZIQqewQ==}
    dev: true

  /is-core-module/2.11.0:
    resolution: {integrity: sha512-RRjxlvLDkD1YJwDbroBHMb+cukurkDWNyHx7D3oNB5x9rb5ogcksMC5wHCadcXoo67gVr/+3GFySh3134zi6rw==}
    dependencies:
      has: 1.0.3
    dev: true

  /js-tokens/4.0.0:
    resolution: {integrity: sha512-RdJUflcE3cUzKiMqQgsCu06FPu9UdIJO0beYbPhHN4k6apgJtifcoCtT9bcxOpYBtpD2kCM6Sbzg4CausW/PKQ==}
    dev: true

  /js-yaml/3.14.1:
    resolution: {integrity: sha512-okMH7OXXJ7YrN9Ok3/SXrnu4iX9yOk+25nqX4imS2npuvTYDmo/QEZoqwZkYaIDk3jVvBOTOIEgEhaLOynBS9g==}
    hasBin: true
    dependencies:
      argparse: 1.0.10
      esprima: 4.0.1
    dev: true

  /make-error/1.3.6:
    resolution: {integrity: sha512-s8UhlNe7vPKomQhC1qFelMokr/Sc3AgNbso3n74mVPA5LTZwkB9NlXf4XPamLxJE8h0gh73rM94xvwRT2CVInw==}
    dev: true

  /minimatch/3.1.2:
    resolution: {integrity: sha512-J7p63hRiAjw1NDEww1W7i37+ByIrOWO5XQQAzZ3VOcL0PNybwpfmV/N05zFAzwQ9USyEcX6t3UO+K5aqBQOIHw==}
    dependencies:
      brace-expansion: 1.1.11
    dev: true

  /minimist/1.2.8:
    resolution: {integrity: sha512-2yyAR8qBkN3YuheJanUpWC5U3bb5osDywNB8RzDVlDwDHbocAJveqqj1u8+SVD7jkWT4yvsHCpWqqWqAxb0zCA==}
    dev: true

  /mkdirp/0.5.6:
    resolution: {integrity: sha512-FP+p8RB8OWpF3YZBCrP5gtADmtXApB5AMLn+vdyA+PyxCjrCs00mjyUozssO33cwDeT3wNGdLxJ5M//YqtHAJw==}
    hasBin: true
    dependencies:
      minimist: 1.2.8
    dev: true

  /nekoton-wasm/1.0.16:
    resolution: {integrity: sha512-my/SlviS/G9EewH0zVkj6x+8euj9XzzGglbHTlLtV1zgPVb3l25yzowC1wrOrNLjltMf4eg6nnJ0gOfpP/11tA==}
    dev: false

  /node-fetch/2.6.9:
    resolution: {integrity: sha512-DJm/CJkZkRjKKj4Zi4BsKVZh3ValV5IR5s7LVZnW+6YMh0W1BfNA8XSs6DLMGYlId5F3KnA70uu2qepcR08Qqg==}
    engines: {node: 4.x || >=6.0.0}
    peerDependencies:
      encoding: ^0.1.0
    peerDependenciesMeta:
      encoding:
        optional: true
    dependencies:
      whatwg-url: 5.0.0
    dev: false

  /once/1.4.0:
    resolution: {integrity: sha512-lNaJgI+2Q5URQBkccEKHTQOPaXdUxnZZElQTZY0MFUAuaEqe1E+Nyvgdz/aIyNi6Z9MzO5dv1H8n58/GELp3+w==}
    dependencies:
      wrappy: 1.0.2
    dev: true

  /path-is-absolute/1.0.1:
    resolution: {integrity: sha512-AVbw3UJ2e9bq64vSaS9Am0fje1Pa8pbGqTTsmXfaIiMpnr5DlDhfJOuLj9Sf95ZPVDAUerDfEk88MPmPe7UCQg==}
    engines: {node: '>=0.10.0'}
    dev: true

  /path-parse/1.0.7:
    resolution: {integrity: sha512-LDJzPVEEEPR+y48z93A0Ed0yXb8pAByGWo/k5YYdYgpY2/2EsOsksJrq7lOHxryrVOn1ejG6oAp8ahvOIQD8sw==}
    dev: true

  /prettier/2.7.1:
    resolution: {integrity: sha512-ujppO+MkdPqoVINuDFDRLClm7D78qbDt0/NR+wp5FqEZOoTNAjPHWj17QRhu7geIHJfcNhRk1XVQmF8Bp3ye+g==}
    engines: {node: '>=10.13.0'}
    hasBin: true
    dev: true

  /resolve/1.22.1:
    resolution: {integrity: sha512-nBpuuYuY5jFsli/JIs1oldw6fOQCBioohqWZg/2hiaOybXOft4lonv85uDOKXdf8rhyK159cxU5cDcK/NKk8zw==}
    hasBin: true
    dependencies:
      is-core-module: 2.11.0
      path-parse: 1.0.7
      supports-preserve-symlinks-flag: 1.0.0
    dev: true

  /rimraf/3.0.2:
    resolution: {integrity: sha512-JZkJMZkAGFFPP2YqXZXPbMlMBgsxzE8ILs4lMIX/2o0L9UBw9O/Y3o6wFw/i9YLapcUJWwqbi3kdxIPdC62TIA==}
    hasBin: true
    dependencies:
      glob: 7.2.3
    dev: true

  /semver/5.7.1:
    resolution: {integrity: sha512-sauaDf/PZdVgrLTNYHRtpXa1iRiKcaebiKQ1BJdpQlWH2lCvexQdX55snPFyK7QzpudqbCI0qXFfOasHdyNDGQ==}
    hasBin: true
    dev: true

  /sprintf-js/1.0.3:
    resolution: {integrity: sha512-D9cPgkvLlV3t3IzL0D0YLvGA9Ahk4PcvVwUbN0dSGr1aP0Nrt4AEnTUbuGvquEC0mA64Gqt1fzirlRs5ibXx8g==}
    dev: true

  /supports-color/5.5.0:
    resolution: {integrity: sha512-QjVjwdXIt408MIiAqCX4oUKsgU2EqAGzs2Ppkm4aQYbjm+ZEWEcW4SfFNTr4uMNZma0ey4f5lgLrkB0aX0QMow==}
    engines: {node: '>=4'}
    dependencies:
      has-flag: 3.0.0
    dev: true

  /supports-preserve-symlinks-flag/1.0.0:
    resolution: {integrity: sha512-ot0WnXS9fgdkgIcePe6RHNk1WA8+muPa6cSjeR3V8K27q9BB1rTE3R1p7Hv0z1ZyAc8s6Vvv8DIyWf681MAt0w==}
    engines: {node: '>= 0.4'}
    dev: true

  /tr46/0.0.3:
    resolution: {integrity: sha512-N3WMsuqV66lT30CrXNbEjx4GEwlow3v6rr4mCcv6prnfwhS01rkgyFdjPNBYd9br7LpXV1+Emh01fHnq2Gdgrw==}
    dev: false

  /ts-node/10.8.2_awa2wsr5thmg3i7jqycphctjfq:
    resolution: {integrity: sha512-LYdGnoGddf1D6v8REPtIH+5iq/gTDuZqv2/UJUU7tKjuEU8xVZorBM+buCGNjj+pGEud+sOoM4CX3/YzINpENA==}
    hasBin: true
    peerDependencies:
      '@swc/core': '>=1.2.50'
      '@swc/wasm': '>=1.2.50'
      '@types/node': '*'
      typescript: '>=2.7'
    peerDependenciesMeta:
      '@swc/core':
        optional: true
      '@swc/wasm':
        optional: true
    dependencies:
      '@cspotcode/source-map-support': 0.8.1
      '@tsconfig/node10': 1.0.9
      '@tsconfig/node12': 1.0.11
      '@tsconfig/node14': 1.0.3
      '@tsconfig/node16': 1.0.3
      '@types/node': 18.11.18
      acorn: 8.8.2
      acorn-walk: 8.2.0
      arg: 4.1.3
      create-require: 1.1.1
      diff: 4.0.2
      make-error: 1.3.6
      typescript: 4.9.4
      v8-compile-cache-lib: 3.0.1
      yn: 3.1.1
    dev: true

  /tslib/1.14.1:
    resolution: {integrity: sha512-Xni35NKzjgMrwevysHTCArtLDpPvye8zV/0E4EyYn43P7/7qvQwPh9BGkHewbMulVntbigmcT7rdX3BNo9wRJg==}
    dev: true

  /tslint-config-prettier/1.18.0:
    resolution: {integrity: sha512-xPw9PgNPLG3iKRxmK7DWr+Ea/SzrvfHtjFt5LBl61gk2UBG/DB9kCXRjv+xyIU1rUtnayLeMUVJBcMX8Z17nDg==}
    engines: {node: '>=4.0.0'}
    hasBin: true
    dev: true

  /tslint/6.1.3_typescript@4.9.4:
    resolution: {integrity: sha512-IbR4nkT96EQOvKE2PW/djGz8iGNeJ4rF2mBfiYaR/nvUWYKJhLwimoJKgjIFEIDibBtOevj7BqCRL4oHeWWUCg==}
    engines: {node: '>=4.8.0'}
    deprecated: TSLint has been deprecated in favor of ESLint. Please see https://github.com/palantir/tslint/issues/4534 for more information.
    hasBin: true
    peerDependencies:
      typescript: '>=2.3.0-dev || >=2.4.0-dev || >=2.5.0-dev || >=2.6.0-dev || >=2.7.0-dev || >=2.8.0-dev || >=2.9.0-dev || >=3.0.0-dev || >= 3.1.0-dev || >= 3.2.0-dev || >= 4.0.0-dev'
    dependencies:
      '@babel/code-frame': 7.18.6
      builtin-modules: 1.1.1
      chalk: 2.4.2
      commander: 2.20.3
      diff: 4.0.2
      glob: 7.2.3
      js-yaml: 3.14.1
      minimatch: 3.1.2
      mkdirp: 0.5.6
      resolve: 1.22.1
      semver: 5.7.1
      tslib: 1.14.1
      tsutils: 2.29.0_typescript@4.9.4
      typescript: 4.9.4
    dev: true

  /tsutils/2.29.0_typescript@4.9.4:
    resolution: {integrity: sha512-g5JVHCIJwzfISaXpXE1qvNalca5Jwob6FjI4AoPlqMusJ6ftFE7IkkFoMhVLRgK+4Kx3gkzb8UZK5t5yTTvEmA==}
    peerDependencies:
      typescript: '>=2.1.0 || >=2.1.0-dev || >=2.2.0-dev || >=2.3.0-dev || >=2.4.0-dev || >=2.5.0-dev || >=2.6.0-dev || >=2.7.0-dev || >=2.8.0-dev || >=2.9.0-dev || >= 3.0.0-dev || >= 3.1.0-dev'
    dependencies:
      tslib: 1.14.1
      typescript: 4.9.4
    dev: true

  /typescript/4.9.4:
    resolution: {integrity: sha512-Uz+dTXYzxXXbsFpM86Wh3dKCxrQqUcVMxwU54orwlJjOpO3ao8L7j5lH+dWfTwgCwIuM9GQ2kvVotzYJMXTBZg==}
    engines: {node: '>=4.2.0'}
    hasBin: true
    dev: true

  /v8-compile-cache-lib/3.0.1:
    resolution: {integrity: sha512-wa7YjyUGfNZngI/vtK0UHAN+lgDCxBPCylVXGp0zu59Fz5aiGtNXaq3DhIov063MorB+VfufLh3JlF2KdTK3xg==}
    dev: true

  /webidl-conversions/3.0.1:
    resolution: {integrity: sha512-2JAn3z8AR6rjK8Sm8orRC0h/bcl/DqL7tRPdGZ4I1CjdF+EaMLmYxBHyXuKL849eucPFhvBoxMsflfOb8kxaeQ==}
    dev: false

  /whatwg-url/5.0.0:
    resolution: {integrity: sha512-saE57nupxk6v3HY35+jzBwYa0rKSy0XR8JSxZPwgLr7ys0IBzhGviA1/TUGJLmSVqs8pb9AnvICXEuOHLprYTw==}
    dependencies:
      tr46: 0.0.3
      webidl-conversions: 3.0.1
    dev: false

  /wrappy/1.0.2:
    resolution: {integrity: sha512-l4Sp/DRseor9wL6EvV2+TuQn63dMkPjZ/sp9XkghTEbV9KlPS1xUsZ3u7/IQO4wxtcFB4bgpQPRcR3QCvezPcQ==}
    dev: true

  /yn/3.1.1:
    resolution: {integrity: sha512-Ux4ygGWsu2c7isFWe8Yu1YluJmqVhxqK2cLXNQA5AcC3QfbGNpM7fu0Y8b/z16pXLnFxZYvWhd3fhBY9DLmC6Q==}
    engines: {node: '>=6'}
    dev: true
